
Microsoft Visual Studio Solution File, Format Version 12.00
# Visual Studio Version 17
VisualStudioVersion = 17.4.33213.308
MinimumVisualStudioVersion = 10.0.40219.1
Project("{9A19103F-16F7-4668-BE54-9A1E7A4F7556}") = "GeoFence_VehicleNonAvailability", "GeoFence_VehicleNonAvailability.csproj", "{1E1FB58A-9C39-45D3-8FCB-7ABEDEC2761A}"
EndProject
Global
	GlobalSection(SolutionConfigurationPlatforms) = preSolution
		Debug|Any CPU = Debug|Any CPU
		Release|Any CPU = Release|Any CPU
	EndGlobalSection
	GlobalSection(ProjectConfigurationPlatforms) = postSolution
		{1E1FB58A-9C39-45D3-8FCB-7ABEDEC2761A}.Debug|Any CPU.ActiveCfg = Debug|Any CPU
		{1E1FB58A-9C39-45D3-8FCB-7ABEDEC2761A}.Debug|Any CPU.Build.0 = Debug|Any CPU
		{1E1FB58A-9C39-45D3-8FCB-7ABEDEC2761A}.Release|Any CPU.ActiveCfg = Release|Any CPU
		{1E1FB58A-9C39-45D3-8FCB-7ABEDEC2761A}.Release|Any CPU.Build.0 = Release|Any CPU
	EndGlobalSection
	GlobalSection(SolutionProperties) = preSolution
		HideSolutionNode = FALSE
	EndGlobalSection
	GlobalSection(ExtensibilityGlobals) = postSolution
		SolutionGuid = {FAEE39F8-65D5-4A70-8A8E-E1F0BA6BBED1}
	EndGlobalSection
EndGlobal
